
Microsoft Visual Studio Solution File, Format Version 12.00
# Visual Studio Version 17
VisualStudioVersion = 17.3.32901.215
MinimumVisualStudioVersion = 10.0.40219.1
Project("{FAE04EC0-301F-11D3-BF4B-00C04F79EFBC}") = "Exercicos_em_aula", "Exercicos_em_aula\Exercicos_em_aula.csproj", "{0FA17FBF-69D5-461D-83C7-A5E5BDB32A97}"
EndProject
Global
	GlobalSection(SolutionConfigurationPlatforms) = preSolution
		Debug|Any CPU = Debug|Any CPU
		Release|Any CPU = Release|Any CPU
	EndGlobalSection
	GlobalSection(ProjectConfigurationPlatforms) = postSolution
		{0FA17FBF-69D5-461D-83C7-A5E5BDB32A97}.Debug|Any CPU.ActiveCfg = Debug|Any CPU
		{0FA17FBF-69D5-461D-83C7-A5E5BDB32A97}.Debug|Any CPU.Build.0 = Debug|Any CPU
		{0FA17FBF-69D5-461D-83C7-A5E5BDB32A97}.Release|Any CPU.ActiveCfg = Release|Any CPU
		{0FA17FBF-69D5-461D-83C7-A5E5BDB32A97}.Release|Any CPU.Build.0 = Release|Any CPU
	EndGlobalSection
	GlobalSection(SolutionProperties) = preSolution
		HideSolutionNode = FALSE
	EndGlobalSection
	GlobalSection(ExtensibilityGlobals) = postSolution
		SolutionGuid = {84633024-DB4C-476D-8A6F-E8780B032E1D}
	EndGlobalSection
EndGlobal
