
Microsoft Visual Studio Solution File, Format Version 12.00
# Visual Studio Version 17
VisualStudioVersion = 17.3.32901.215
MinimumVisualStudioVersion = 10.0.40219.1
Project("{FAE04EC0-301F-11D3-BF4B-00C04F79EFBC}") = "exerciciosAcademia-3", "exerciciosAcademia-3\exerciciosAcademia-3.csproj", "{809B2C04-B0A2-4056-B4A8-62E9EBCDC894}"
EndProject
Global
	GlobalSection(SolutionConfigurationPlatforms) = preSolution
		Debug|Any CPU = Debug|Any CPU
		Release|Any CPU = Release|Any CPU
	EndGlobalSection
	GlobalSection(ProjectConfigurationPlatforms) = postSolution
		{809B2C04-B0A2-4056-B4A8-62E9EBCDC894}.Debug|Any CPU.ActiveCfg = Debug|Any CPU
		{809B2C04-B0A2-4056-B4A8-62E9EBCDC894}.Debug|Any CPU.Build.0 = Debug|Any CPU
		{809B2C04-B0A2-4056-B4A8-62E9EBCDC894}.Release|Any CPU.ActiveCfg = Release|Any CPU
		{809B2C04-B0A2-4056-B4A8-62E9EBCDC894}.Release|Any CPU.Build.0 = Release|Any CPU
	EndGlobalSection
	GlobalSection(SolutionProperties) = preSolution
		HideSolutionNode = FALSE
	EndGlobalSection
	GlobalSection(ExtensibilityGlobals) = postSolution
		SolutionGuid = {20ACF8D7-06CF-42D5-82AE-D67F7AC1CBA5}
	EndGlobalSection
EndGlobal
